{
  "requires": true,
  "lockfileVersion": 1,
  "dependencies": {
    "react-native-sound-player": {
      "version": "0.10.5",
      "resolved": "https://registry.npmjs.org/react-native-sound-player/-/react-native-sound-player-0.10.5.tgz",
      "integrity": "sha512-dMb9iSJigSAulvw0vTFW1Wsq6rWwuv7OQQDWVLwFazk/+X6C0Kbx6QjdBLeMX/hWFTVCFEPzQNp2y+9LcHuorw=="
    }
  }
}
